
Microsoft Visual Studio Solution File, Format Version 12.00
# Visual Studio Version 17
VisualStudioVersion = 17.12.35527.113
MinimumVisualStudioVersion = 10.0.40219.1
Project("{FAE04EC0-301F-11D3-BF4B-00C04F79EFBC}") = "Regulator", "Regulator\Regulator.csproj", "{C80BFFF6-F52B-41A0-97B3-69E7EAB0ADCB}"
EndProject
Project("{FAE04EC0-301F-11D3-BF4B-00C04F79EFBC}") = "Regulator.Calculations", "Regulator.Calculations\Regulator.Calculations.csproj", "{147CBA58-DA4E-4CD9-A424-76026DDF0557}"
EndProject
Global
	GlobalSection(SolutionConfigurationPlatforms) = preSolution
		Debug|Any CPU = Debug|Any CPU
		Release|Any CPU = Release|Any CPU
	EndGlobalSection
	GlobalSection(ProjectConfigurationPlatforms) = postSolution
		{C80BFFF6-F52B-41A0-97B3-69E7EAB0ADCB}.Debug|Any CPU.ActiveCfg = Debug|Any CPU
		{C80BFFF6-F52B-41A0-97B3-69E7EAB0ADCB}.Debug|Any CPU.Build.0 = Debug|Any CPU
		{C80BFFF6-F52B-41A0-97B3-69E7EAB0ADCB}.Release|Any CPU.ActiveCfg = Release|Any CPU
		{C80BFFF6-F52B-41A0-97B3-69E7EAB0ADCB}.Release|Any CPU.Build.0 = Release|Any CPU
		{147CBA58-DA4E-4CD9-A424-76026DDF0557}.Debug|Any CPU.ActiveCfg = Debug|Any CPU
		{147CBA58-DA4E-4CD9-A424-76026DDF0557}.Debug|Any CPU.Build.0 = Debug|Any CPU
		{147CBA58-DA4E-4CD9-A424-76026DDF0557}.Release|Any CPU.ActiveCfg = Release|Any CPU
		{147CBA58-DA4E-4CD9-A424-76026DDF0557}.Release|Any CPU.Build.0 = Release|Any CPU
	EndGlobalSection
	GlobalSection(SolutionProperties) = preSolution
		HideSolutionNode = FALSE
	EndGlobalSection
EndGlobal
